
Microsoft Visual Studio Solution File, Format Version 12.00
# Visual Studio Version 17
VisualStudioVersion = 17.11.35222.181
MinimumVisualStudioVersion = 10.0.40219.1
Project("{2150E333-8FDC-42A3-9474-1A3956D46DE8}") = "src", "src", "{A66A3C91-C73B-4152-B72F-7A02EA99D515}"
EndProject
Project("{2150E333-8FDC-42A3-9474-1A3956D46DE8}") = "services", "services", "{31987E38-2887-47DB-BBF8-8FF723A388B1}"
EndProject
Project("{2150E333-8FDC-42A3-9474-1A3956D46DE8}") = "gateway", "gateway", "{90FC4C43-18BC-4321-A809-BC8188F23744}"
EndProject
Project("{2150E333-8FDC-42A3-9474-1A3956D46DE8}") = "frontend", "frontend", "{121F046B-7049-44B1-96AC-7FF9D6AE4353}"
EndProject
Project("{2150E333-8FDC-42A3-9474-1A3956D46DE8}") = "shared", "shared", "{0FEEFA2A-E2F3-419E-87E9-BE8FFC5325AD}"
EndProject
Project("{2150E333-8FDC-42A3-9474-1A3956D46DE8}") = "catalog", "catalog", "{C81AB24A-5756-4691-A16C-07F26FCB85D9}"
EndProject
Project("{9A19103F-16F7-4668-BE54-9A1E7A4F7556}") = "UdemyMicroservices.Catalog", "UdemyMicroservices.Catalog\UdemyMicroservices.Catalog.csproj", "{8A936495-003C-45B8-932B-C70F512FA55B}"
EndProject
Project("{9A19103F-16F7-4668-BE54-9A1E7A4F7556}") = "UdemyMicroservices.Shared", "UdemyMicroservives.Shared\UdemyMicroservices.Shared.csproj", "{3E3F84F8-5B29-40B5-8421-59D3FCE93E29}"
EndProject
Project("{E53339B2-1760-4266-BCC7-CA923CBCF16C}") = "docker-compose", "docker-compose.dcproj", "{B1D7F6A7-5D14-4A75-9449-3991FC759FFD}"
EndProject
Project("{2150E333-8FDC-42A3-9474-1A3956D46DE8}") = "basket", "basket", "{445419EF-A2A8-4CEE-AF80-BF76F63704EC}"
EndProject
Project("{9A19103F-16F7-4668-BE54-9A1E7A4F7556}") = "UdemyMicroservices.Basket", "UdemyMicroservices.Basket\UdemyMicroservices.Basket.csproj", "{CADD2B67-C070-4A5E-A3D7-013080449AC8}"
EndProject
Project("{9A19103F-16F7-4668-BE54-9A1E7A4F7556}") = "UdemyMicroservices.Bus", "UdemyMicroservices.Bus\UdemyMicroservices.Bus.csproj", "{D19BB725-37CE-453D-9CFE-AFAC0EFFDD73}"
EndProject
Project("{2150E333-8FDC-42A3-9474-1A3956D46DE8}") = "discount", "discount", "{5912C8D4-BB5B-4182-94F7-5FB5AF3DE8EC}"
EndProject
Project("{2150E333-8FDC-42A3-9474-1A3956D46DE8}") = "order", "order", "{92DE2259-F2F7-4062-BE84-4620A218FDB0}"
EndProject
Project("{2150E333-8FDC-42A3-9474-1A3956D46DE8}") = "core", "core", "{B7E512D1-072C-4F93-AC55-A1C06162C82C}"
EndProject
Project("{2150E333-8FDC-42A3-9474-1A3956D46DE8}") = "instrastrcutre", "instrastrcutre", "{54904047-2909-4376-940F-4399121065D3}"
EndProject
Project("{2150E333-8FDC-42A3-9474-1A3956D46DE8}") = "api", "api", "{A00E4548-937A-4245-BB78-9FF76DC48D9F}"
EndProject
Project("{9A19103F-16F7-4668-BE54-9A1E7A4F7556}") = "UdemyMicroservices.Order.Domain", "UdemyMicroservices.Order.Domain\UdemyMicroservices.Order.Domain.csproj", "{040EBB05-7F5B-48A5-905C-E77819FD8B73}"
EndProject
Project("{9A19103F-16F7-4668-BE54-9A1E7A4F7556}") = "UdemyMicroservices.Order.Application", "UdemyMicroservices.Order.Application\UdemyMicroservices.Order.Application.csproj", "{8100AD2E-BD5E-4416-87C7-5DE19BD5A38C}"
EndProject
Project("{9A19103F-16F7-4668-BE54-9A1E7A4F7556}") = "UdemyMicroservices.Order.API", "UdemyMicroservices.Order.API\UdemyMicroservices.Order.API.csproj", "{E6955CF7-EC97-4A15-9551-B45BB3F22655}"
EndProject
Project("{9A19103F-16F7-4668-BE54-9A1E7A4F7556}") = "UdemyMicroservices.Order.Persistence", "UdemyMicroservices.Order.Repository\UdemyMicroservices.Order.Persistence.csproj", "{C24BC4E3-B92A-40D9-BEB6-8C9323BB2908}"
EndProject
Project("{2150E333-8FDC-42A3-9474-1A3956D46DE8}") = "payment", "payment", "{5C12CA5D-8684-4942-8E71-4F97CE7026D2}"
EndProject
Project("{9A19103F-16F7-4668-BE54-9A1E7A4F7556}") = "UdemyMicroservices.Payment", "UdemyMicroservices.Payment\UdemyMicroservices.Payment.csproj", "{EAB37BAC-9ACD-43A7-8BE2-A802254C391A}"
EndProject
Project("{9A19103F-16F7-4668-BE54-9A1E7A4F7556}") = "UdemyMicroservices.Discount", "UdemyMicroservices.Discount\UdemyMicroservices.Discount.csproj", "{6FA7C742-75E6-4940-9F14-61FFE2E0EABA}"
EndProject
Project("{2150E333-8FDC-42A3-9474-1A3956D46DE8}") = "file", "file", "{3A2076AE-4E43-4BD1-B1BC-4AE9660B3458}"
EndProject
Project("{9A19103F-16F7-4668-BE54-9A1E7A4F7556}") = "UdemyMicroservices.Files", "UdemyMicroservices.Files\UdemyMicroservices.Files.csproj", "{757957F6-CC76-4F0D-AADD-45F027F11317}"
EndProject
Project("{9A19103F-16F7-4668-BE54-9A1E7A4F7556}") = "UdemyMicroservices.Yarp", "UdemyMicroservices.Yarp\UdemyMicroservices.Yarp.csproj", "{3C76FB37-739C-4EB6-8414-D7A94CA91381}"
EndProject
Project("{9A19103F-16F7-4668-BE54-9A1E7A4F7556}") = "UdemyMicroservices.Web", "UdemyMicroservices.Web\UdemyMicroservices.Web.csproj", "{E893D688-8CE1-4F81-9A26-4E12D1D5FBF7}"
EndProject
Global
	GlobalSection(SolutionConfigurationPlatforms) = preSolution
		Debug|Any CPU = Debug|Any CPU
		Release|Any CPU = Release|Any CPU
	EndGlobalSection
	GlobalSection(ProjectConfigurationPlatforms) = postSolution
		{8A936495-003C-45B8-932B-C70F512FA55B}.Debug|Any CPU.ActiveCfg = Debug|Any CPU
		{8A936495-003C-45B8-932B-C70F512FA55B}.Debug|Any CPU.Build.0 = Debug|Any CPU
		{8A936495-003C-45B8-932B-C70F512FA55B}.Release|Any CPU.ActiveCfg = Release|Any CPU
		{8A936495-003C-45B8-932B-C70F512FA55B}.Release|Any CPU.Build.0 = Release|Any CPU
		{3E3F84F8-5B29-40B5-8421-59D3FCE93E29}.Debug|Any CPU.ActiveCfg = Debug|Any CPU
		{3E3F84F8-5B29-40B5-8421-59D3FCE93E29}.Debug|Any CPU.Build.0 = Debug|Any CPU
		{3E3F84F8-5B29-40B5-8421-59D3FCE93E29}.Release|Any CPU.ActiveCfg = Release|Any CPU
		{3E3F84F8-5B29-40B5-8421-59D3FCE93E29}.Release|Any CPU.Build.0 = Release|Any CPU
		{B1D7F6A7-5D14-4A75-9449-3991FC759FFD}.Debug|Any CPU.ActiveCfg = Debug|Any CPU
		{B1D7F6A7-5D14-4A75-9449-3991FC759FFD}.Debug|Any CPU.Build.0 = Debug|Any CPU
		{B1D7F6A7-5D14-4A75-9449-3991FC759FFD}.Release|Any CPU.ActiveCfg = Release|Any CPU
		{B1D7F6A7-5D14-4A75-9449-3991FC759FFD}.Release|Any CPU.Build.0 = Release|Any CPU
		{CADD2B67-C070-4A5E-A3D7-013080449AC8}.Debug|Any CPU.ActiveCfg = Debug|Any CPU
		{CADD2B67-C070-4A5E-A3D7-013080449AC8}.Debug|Any CPU.Build.0 = Debug|Any CPU
		{CADD2B67-C070-4A5E-A3D7-013080449AC8}.Release|Any CPU.ActiveCfg = Release|Any CPU
		{CADD2B67-C070-4A5E-A3D7-013080449AC8}.Release|Any CPU.Build.0 = Release|Any CPU
		{D19BB725-37CE-453D-9CFE-AFAC0EFFDD73}.Debug|Any CPU.ActiveCfg = Debug|Any CPU
		{D19BB725-37CE-453D-9CFE-AFAC0EFFDD73}.Debug|Any CPU.Build.0 = Debug|Any CPU
		{D19BB725-37CE-453D-9CFE-AFAC0EFFDD73}.Release|Any CPU.ActiveCfg = Release|Any CPU
		{D19BB725-37CE-453D-9CFE-AFAC0EFFDD73}.Release|Any CPU.Build.0 = Release|Any CPU
		{040EBB05-7F5B-48A5-905C-E77819FD8B73}.Debug|Any CPU.ActiveCfg = Debug|Any CPU
		{040EBB05-7F5B-48A5-905C-E77819FD8B73}.Debug|Any CPU.Build.0 = Debug|Any CPU
		{040EBB05-7F5B-48A5-905C-E77819FD8B73}.Release|Any CPU.ActiveCfg = Release|Any CPU
		{040EBB05-7F5B-48A5-905C-E77819FD8B73}.Release|Any CPU.Build.0 = Release|Any CPU
		{8100AD2E-BD5E-4416-87C7-5DE19BD5A38C}.Debug|Any CPU.ActiveCfg = Debug|Any CPU
		{8100AD2E-BD5E-4416-87C7-5DE19BD5A38C}.Debug|Any CPU.Build.0 = Debug|Any CPU
		{8100AD2E-BD5E-4416-87C7-5DE19BD5A38C}.Release|Any CPU.ActiveCfg = Release|Any CPU
		{8100AD2E-BD5E-4416-87C7-5DE19BD5A38C}.Release|Any CPU.Build.0 = Release|Any CPU
		{E6955CF7-EC97-4A15-9551-B45BB3F22655}.Debug|Any CPU.ActiveCfg = Debug|Any CPU
		{E6955CF7-EC97-4A15-9551-B45BB3F22655}.Debug|Any CPU.Build.0 = Debug|Any CPU
		{E6955CF7-EC97-4A15-9551-B45BB3F22655}.Release|Any CPU.ActiveCfg = Release|Any CPU
		{E6955CF7-EC97-4A15-9551-B45BB3F22655}.Release|Any CPU.Build.0 = Release|Any CPU
		{C24BC4E3-B92A-40D9-BEB6-8C9323BB2908}.Debug|Any CPU.ActiveCfg = Debug|Any CPU
		{C24BC4E3-B92A-40D9-BEB6-8C9323BB2908}.Debug|Any CPU.Build.0 = Debug|Any CPU
		{C24BC4E3-B92A-40D9-BEB6-8C9323BB2908}.Release|Any CPU.ActiveCfg = Release|Any CPU
		{C24BC4E3-B92A-40D9-BEB6-8C9323BB2908}.Release|Any CPU.Build.0 = Release|Any CPU
		{EAB37BAC-9ACD-43A7-8BE2-A802254C391A}.Debug|Any CPU.ActiveCfg = Debug|Any CPU
		{EAB37BAC-9ACD-43A7-8BE2-A802254C391A}.Debug|Any CPU.Build.0 = Debug|Any CPU
		{EAB37BAC-9ACD-43A7-8BE2-A802254C391A}.Release|Any CPU.ActiveCfg = Release|Any CPU
		{EAB37BAC-9ACD-43A7-8BE2-A802254C391A}.Release|Any CPU.Build.0 = Release|Any CPU
		{6FA7C742-75E6-4940-9F14-61FFE2E0EABA}.Debug|Any CPU.ActiveCfg = Debug|Any CPU
		{6FA7C742-75E6-4940-9F14-61FFE2E0EABA}.Debug|Any CPU.Build.0 = Debug|Any CPU
		{6FA7C742-75E6-4940-9F14-61FFE2E0EABA}.Release|Any CPU.ActiveCfg = Release|Any CPU
		{6FA7C742-75E6-4940-9F14-61FFE2E0EABA}.Release|Any CPU.Build.0 = Release|Any CPU
		{757957F6-CC76-4F0D-AADD-45F027F11317}.Debug|Any CPU.ActiveCfg = Debug|Any CPU
		{757957F6-CC76-4F0D-AADD-45F027F11317}.Debug|Any CPU.Build.0 = Debug|Any CPU
		{757957F6-CC76-4F0D-AADD-45F027F11317}.Release|Any CPU.ActiveCfg = Release|Any CPU
		{757957F6-CC76-4F0D-AADD-45F027F11317}.Release|Any CPU.Build.0 = Release|Any CPU
		{3C76FB37-739C-4EB6-8414-D7A94CA91381}.Debug|Any CPU.ActiveCfg = Debug|Any CPU
		{3C76FB37-739C-4EB6-8414-D7A94CA91381}.Debug|Any CPU.Build.0 = Debug|Any CPU
		{3C76FB37-739C-4EB6-8414-D7A94CA91381}.Release|Any CPU.ActiveCfg = Release|Any CPU
		{3C76FB37-739C-4EB6-8414-D7A94CA91381}.Release|Any CPU.Build.0 = Release|Any CPU
		{E893D688-8CE1-4F81-9A26-4E12D1D5FBF7}.Debug|Any CPU.ActiveCfg = Debug|Any CPU
		{E893D688-8CE1-4F81-9A26-4E12D1D5FBF7}.Debug|Any CPU.Build.0 = Debug|Any CPU
		{E893D688-8CE1-4F81-9A26-4E12D1D5FBF7}.Release|Any CPU.ActiveCfg = Release|Any CPU
		{E893D688-8CE1-4F81-9A26-4E12D1D5FBF7}.Release|Any CPU.Build.0 = Release|Any CPU
	EndGlobalSection
	GlobalSection(SolutionProperties) = preSolution
		HideSolutionNode = FALSE
	EndGlobalSection
	GlobalSection(NestedProjects) = preSolution
		{31987E38-2887-47DB-BBF8-8FF723A388B1} = {A66A3C91-C73B-4152-B72F-7A02EA99D515}
		{90FC4C43-18BC-4321-A809-BC8188F23744} = {A66A3C91-C73B-4152-B72F-7A02EA99D515}
		{121F046B-7049-44B1-96AC-7FF9D6AE4353} = {A66A3C91-C73B-4152-B72F-7A02EA99D515}
		{0FEEFA2A-E2F3-419E-87E9-BE8FFC5325AD} = {A66A3C91-C73B-4152-B72F-7A02EA99D515}
		{C81AB24A-5756-4691-A16C-07F26FCB85D9} = {31987E38-2887-47DB-BBF8-8FF723A388B1}
		{8A936495-003C-45B8-932B-C70F512FA55B} = {C81AB24A-5756-4691-A16C-07F26FCB85D9}
		{3E3F84F8-5B29-40B5-8421-59D3FCE93E29} = {0FEEFA2A-E2F3-419E-87E9-BE8FFC5325AD}
		{445419EF-A2A8-4CEE-AF80-BF76F63704EC} = {31987E38-2887-47DB-BBF8-8FF723A388B1}
		{CADD2B67-C070-4A5E-A3D7-013080449AC8} = {445419EF-A2A8-4CEE-AF80-BF76F63704EC}
		{D19BB725-37CE-453D-9CFE-AFAC0EFFDD73} = {0FEEFA2A-E2F3-419E-87E9-BE8FFC5325AD}
		{5912C8D4-BB5B-4182-94F7-5FB5AF3DE8EC} = {31987E38-2887-47DB-BBF8-8FF723A388B1}
		{92DE2259-F2F7-4062-BE84-4620A218FDB0} = {31987E38-2887-47DB-BBF8-8FF723A388B1}
		{B7E512D1-072C-4F93-AC55-A1C06162C82C} = {92DE2259-F2F7-4062-BE84-4620A218FDB0}
		{54904047-2909-4376-940F-4399121065D3} = {92DE2259-F2F7-4062-BE84-4620A218FDB0}
		{A00E4548-937A-4245-BB78-9FF76DC48D9F} = {92DE2259-F2F7-4062-BE84-4620A218FDB0}
		{040EBB05-7F5B-48A5-905C-E77819FD8B73} = {B7E512D1-072C-4F93-AC55-A1C06162C82C}
		{8100AD2E-BD5E-4416-87C7-5DE19BD5A38C} = {B7E512D1-072C-4F93-AC55-A1C06162C82C}
		{E6955CF7-EC97-4A15-9551-B45BB3F22655} = {A00E4548-937A-4245-BB78-9FF76DC48D9F}
		{C24BC4E3-B92A-40D9-BEB6-8C9323BB2908} = {54904047-2909-4376-940F-4399121065D3}
		{5C12CA5D-8684-4942-8E71-4F97CE7026D2} = {31987E38-2887-47DB-BBF8-8FF723A388B1}
		{EAB37BAC-9ACD-43A7-8BE2-A802254C391A} = {5C12CA5D-8684-4942-8E71-4F97CE7026D2}
		{6FA7C742-75E6-4940-9F14-61FFE2E0EABA} = {5912C8D4-BB5B-4182-94F7-5FB5AF3DE8EC}
		{3A2076AE-4E43-4BD1-B1BC-4AE9660B3458} = {31987E38-2887-47DB-BBF8-8FF723A388B1}
		{757957F6-CC76-4F0D-AADD-45F027F11317} = {3A2076AE-4E43-4BD1-B1BC-4AE9660B3458}
		{3C76FB37-739C-4EB6-8414-D7A94CA91381} = {90FC4C43-18BC-4321-A809-BC8188F23744}
		{E893D688-8CE1-4F81-9A26-4E12D1D5FBF7} = {121F046B-7049-44B1-96AC-7FF9D6AE4353}
	EndGlobalSection
	GlobalSection(ExtensibilityGlobals) = postSolution
		SolutionGuid = {8D1EE908-F148-4896-8E30-2D59064C2AD8}
	EndGlobalSection
EndGlobal
